
Microsoft Visual Studio Solution File, Format Version 12.00
# Visual Studio 15
VisualStudioVersion = 15.0.26124.0
MinimumVisualStudioVersion = 15.0.26124.0
Project("{FAE04EC0-301F-11D3-BF4B-00C04F79EFBC}") = "FirstFactorial", "FirstFactorial\FirstFactorial.csproj", "{D6B6FA9D-FA08-45B0-BAFD-F24B04ED8EE0}"
EndProject
Project("{FAE04EC0-301F-11D3-BF4B-00C04F79EFBC}") = "FirstReverse", "FirstReverse\FirstReverse.csproj", "{E5DDFD9C-651D-49A0-96D3-550AE20CC0A0}"
EndProject
Project("{FAE04EC0-301F-11D3-BF4B-00C04F79EFBC}") = "LetterChanges", "LetterChanges\LetterChanges.csproj", "{2DD77295-C5F7-429D-BBCC-3A4C778B4804}"
EndProject
Project("{FAE04EC0-301F-11D3-BF4B-00C04F79EFBC}") = "SimpleAdding", "SimpleAdding\SimpleAdding.csproj", "{F608BE6D-1073-4450-A718-583FD3BDB2F4}"
EndProject
Project("{FAE04EC0-301F-11D3-BF4B-00C04F79EFBC}") = "TimeConvert", "TimeConvert\TimeConvert.csproj", "{B91D502F-9038-4062-B058-F938F38C182B}"
EndProject
Project("{FAE04EC0-301F-11D3-BF4B-00C04F79EFBC}") = "AlphabetSoup", "AlphabetSoup\AlphabetSoup.csproj", "{FD11863B-CAA4-41E7-83F8-9E6B2DCF6570}"
EndProject
Project("{FAE04EC0-301F-11D3-BF4B-00C04F79EFBC}") = "CorrectPath", "CorrectPath\CorrectPath.csproj", "{15DC1DC8-ABDD-41C1-8108-150275A2C47A}"
EndProject
Global
	GlobalSection(SolutionConfigurationPlatforms) = preSolution
		Debug|Any CPU = Debug|Any CPU
		Debug|x64 = Debug|x64
		Debug|x86 = Debug|x86
		Release|Any CPU = Release|Any CPU
		Release|x64 = Release|x64
		Release|x86 = Release|x86
	EndGlobalSection
	GlobalSection(SolutionProperties) = preSolution
		HideSolutionNode = FALSE
	EndGlobalSection
	GlobalSection(ProjectConfigurationPlatforms) = postSolution
		{D6B6FA9D-FA08-45B0-BAFD-F24B04ED8EE0}.Debug|Any CPU.ActiveCfg = Debug|Any CPU
		{D6B6FA9D-FA08-45B0-BAFD-F24B04ED8EE0}.Debug|Any CPU.Build.0 = Debug|Any CPU
		{D6B6FA9D-FA08-45B0-BAFD-F24B04ED8EE0}.Debug|x64.ActiveCfg = Debug|Any CPU
		{D6B6FA9D-FA08-45B0-BAFD-F24B04ED8EE0}.Debug|x64.Build.0 = Debug|Any CPU
		{D6B6FA9D-FA08-45B0-BAFD-F24B04ED8EE0}.Debug|x86.ActiveCfg = Debug|Any CPU
		{D6B6FA9D-FA08-45B0-BAFD-F24B04ED8EE0}.Debug|x86.Build.0 = Debug|Any CPU
		{D6B6FA9D-FA08-45B0-BAFD-F24B04ED8EE0}.Release|Any CPU.ActiveCfg = Release|Any CPU
		{D6B6FA9D-FA08-45B0-BAFD-F24B04ED8EE0}.Release|Any CPU.Build.0 = Release|Any CPU
		{D6B6FA9D-FA08-45B0-BAFD-F24B04ED8EE0}.Release|x64.ActiveCfg = Release|Any CPU
		{D6B6FA9D-FA08-45B0-BAFD-F24B04ED8EE0}.Release|x64.Build.0 = Release|Any CPU
		{D6B6FA9D-FA08-45B0-BAFD-F24B04ED8EE0}.Release|x86.ActiveCfg = Release|Any CPU
		{D6B6FA9D-FA08-45B0-BAFD-F24B04ED8EE0}.Release|x86.Build.0 = Release|Any CPU
		{E5DDFD9C-651D-49A0-96D3-550AE20CC0A0}.Debug|Any CPU.ActiveCfg = Debug|Any CPU
		{E5DDFD9C-651D-49A0-96D3-550AE20CC0A0}.Debug|Any CPU.Build.0 = Debug|Any CPU
		{E5DDFD9C-651D-49A0-96D3-550AE20CC0A0}.Debug|x64.ActiveCfg = Debug|Any CPU
		{E5DDFD9C-651D-49A0-96D3-550AE20CC0A0}.Debug|x64.Build.0 = Debug|Any CPU
		{E5DDFD9C-651D-49A0-96D3-550AE20CC0A0}.Debug|x86.ActiveCfg = Debug|Any CPU
		{E5DDFD9C-651D-49A0-96D3-550AE20CC0A0}.Debug|x86.Build.0 = Debug|Any CPU
		{E5DDFD9C-651D-49A0-96D3-550AE20CC0A0}.Release|Any CPU.ActiveCfg = Release|Any CPU
		{E5DDFD9C-651D-49A0-96D3-550AE20CC0A0}.Release|Any CPU.Build.0 = Release|Any CPU
		{E5DDFD9C-651D-49A0-96D3-550AE20CC0A0}.Release|x64.ActiveCfg = Release|Any CPU
		{E5DDFD9C-651D-49A0-96D3-550AE20CC0A0}.Release|x64.Build.0 = Release|Any CPU
		{E5DDFD9C-651D-49A0-96D3-550AE20CC0A0}.Release|x86.ActiveCfg = Release|Any CPU
		{E5DDFD9C-651D-49A0-96D3-550AE20CC0A0}.Release|x86.Build.0 = Release|Any CPU
		{2DD77295-C5F7-429D-BBCC-3A4C778B4804}.Debug|Any CPU.ActiveCfg = Debug|Any CPU
		{2DD77295-C5F7-429D-BBCC-3A4C778B4804}.Debug|Any CPU.Build.0 = Debug|Any CPU
		{2DD77295-C5F7-429D-BBCC-3A4C778B4804}.Debug|x64.ActiveCfg = Debug|Any CPU
		{2DD77295-C5F7-429D-BBCC-3A4C778B4804}.Debug|x64.Build.0 = Debug|Any CPU
		{2DD77295-C5F7-429D-BBCC-3A4C778B4804}.Debug|x86.ActiveCfg = Debug|Any CPU
		{2DD77295-C5F7-429D-BBCC-3A4C778B4804}.Debug|x86.Build.0 = Debug|Any CPU
		{2DD77295-C5F7-429D-BBCC-3A4C778B4804}.Release|Any CPU.ActiveCfg = Release|Any CPU
		{2DD77295-C5F7-429D-BBCC-3A4C778B4804}.Release|Any CPU.Build.0 = Release|Any CPU
		{2DD77295-C5F7-429D-BBCC-3A4C778B4804}.Release|x64.ActiveCfg = Release|Any CPU
		{2DD77295-C5F7-429D-BBCC-3A4C778B4804}.Release|x64.Build.0 = Release|Any CPU
		{2DD77295-C5F7-429D-BBCC-3A4C778B4804}.Release|x86.ActiveCfg = Release|Any CPU
		{2DD77295-C5F7-429D-BBCC-3A4C778B4804}.Release|x86.Build.0 = Release|Any CPU
		{F608BE6D-1073-4450-A718-583FD3BDB2F4}.Debug|Any CPU.ActiveCfg = Debug|Any CPU
		{F608BE6D-1073-4450-A718-583FD3BDB2F4}.Debug|Any CPU.Build.0 = Debug|Any CPU
		{F608BE6D-1073-4450-A718-583FD3BDB2F4}.Debug|x64.ActiveCfg = Debug|Any CPU
		{F608BE6D-1073-4450-A718-583FD3BDB2F4}.Debug|x64.Build.0 = Debug|Any CPU
		{F608BE6D-1073-4450-A718-583FD3BDB2F4}.Debug|x86.ActiveCfg = Debug|Any CPU
		{F608BE6D-1073-4450-A718-583FD3BDB2F4}.Debug|x86.Build.0 = Debug|Any CPU
		{F608BE6D-1073-4450-A718-583FD3BDB2F4}.Release|Any CPU.ActiveCfg = Release|Any CPU
		{F608BE6D-1073-4450-A718-583FD3BDB2F4}.Release|Any CPU.Build.0 = Release|Any CPU
		{F608BE6D-1073-4450-A718-583FD3BDB2F4}.Release|x64.ActiveCfg = Release|Any CPU
		{F608BE6D-1073-4450-A718-583FD3BDB2F4}.Release|x64.Build.0 = Release|Any CPU
		{F608BE6D-1073-4450-A718-583FD3BDB2F4}.Release|x86.ActiveCfg = Release|Any CPU
		{F608BE6D-1073-4450-A718-583FD3BDB2F4}.Release|x86.Build.0 = Release|Any CPU
		{B91D502F-9038-4062-B058-F938F38C182B}.Debug|Any CPU.ActiveCfg = Debug|Any CPU
		{B91D502F-9038-4062-B058-F938F38C182B}.Debug|Any CPU.Build.0 = Debug|Any CPU
		{B91D502F-9038-4062-B058-F938F38C182B}.Debug|x64.ActiveCfg = Debug|Any CPU
		{B91D502F-9038-4062-B058-F938F38C182B}.Debug|x64.Build.0 = Debug|Any CPU
		{B91D502F-9038-4062-B058-F938F38C182B}.Debug|x86.ActiveCfg = Debug|Any CPU
		{B91D502F-9038-4062-B058-F938F38C182B}.Debug|x86.Build.0 = Debug|Any CPU
		{B91D502F-9038-4062-B058-F938F38C182B}.Release|Any CPU.ActiveCfg = Release|Any CPU
		{B91D502F-9038-4062-B058-F938F38C182B}.Release|Any CPU.Build.0 = Release|Any CPU
		{B91D502F-9038-4062-B058-F938F38C182B}.Release|x64.ActiveCfg = Release|Any CPU
		{B91D502F-9038-4062-B058-F938F38C182B}.Release|x64.Build.0 = Release|Any CPU
		{B91D502F-9038-4062-B058-F938F38C182B}.Release|x86.ActiveCfg = Release|Any CPU
		{B91D502F-9038-4062-B058-F938F38C182B}.Release|x86.Build.0 = Release|Any CPU
		{FD11863B-CAA4-41E7-83F8-9E6B2DCF6570}.Debug|Any CPU.ActiveCfg = Debug|Any CPU
		{FD11863B-CAA4-41E7-83F8-9E6B2DCF6570}.Debug|Any CPU.Build.0 = Debug|Any CPU
		{FD11863B-CAA4-41E7-83F8-9E6B2DCF6570}.Debug|x64.ActiveCfg = Debug|Any CPU
		{FD11863B-CAA4-41E7-83F8-9E6B2DCF6570}.Debug|x64.Build.0 = Debug|Any CPU
		{FD11863B-CAA4-41E7-83F8-9E6B2DCF6570}.Debug|x86.ActiveCfg = Debug|Any CPU
		{FD11863B-CAA4-41E7-83F8-9E6B2DCF6570}.Debug|x86.Build.0 = Debug|Any CPU
		{FD11863B-CAA4-41E7-83F8-9E6B2DCF6570}.Release|Any CPU.ActiveCfg = Release|Any CPU
		{FD11863B-CAA4-41E7-83F8-9E6B2DCF6570}.Release|Any CPU.Build.0 = Release|Any CPU
		{FD11863B-CAA4-41E7-83F8-9E6B2DCF6570}.Release|x64.ActiveCfg = Release|Any CPU
		{FD11863B-CAA4-41E7-83F8-9E6B2DCF6570}.Release|x64.Build.0 = Release|Any CPU
		{FD11863B-CAA4-41E7-83F8-9E6B2DCF6570}.Release|x86.ActiveCfg = Release|Any CPU
		{FD11863B-CAA4-41E7-83F8-9E6B2DCF6570}.Release|x86.Build.0 = Release|Any CPU
		{15DC1DC8-ABDD-41C1-8108-150275A2C47A}.Debug|Any CPU.ActiveCfg = Debug|Any CPU
		{15DC1DC8-ABDD-41C1-8108-150275A2C47A}.Debug|Any CPU.Build.0 = Debug|Any CPU
		{15DC1DC8-ABDD-41C1-8108-150275A2C47A}.Debug|x64.ActiveCfg = Debug|Any CPU
		{15DC1DC8-ABDD-41C1-8108-150275A2C47A}.Debug|x64.Build.0 = Debug|Any CPU
		{15DC1DC8-ABDD-41C1-8108-150275A2C47A}.Debug|x86.ActiveCfg = Debug|Any CPU
		{15DC1DC8-ABDD-41C1-8108-150275A2C47A}.Debug|x86.Build.0 = Debug|Any CPU
		{15DC1DC8-ABDD-41C1-8108-150275A2C47A}.Release|Any CPU.ActiveCfg = Release|Any CPU
		{15DC1DC8-ABDD-41C1-8108-150275A2C47A}.Release|Any CPU.Build.0 = Release|Any CPU
		{15DC1DC8-ABDD-41C1-8108-150275A2C47A}.Release|x64.ActiveCfg = Release|Any CPU
		{15DC1DC8-ABDD-41C1-8108-150275A2C47A}.Release|x64.Build.0 = Release|Any CPU
		{15DC1DC8-ABDD-41C1-8108-150275A2C47A}.Release|x86.ActiveCfg = Release|Any CPU
		{15DC1DC8-ABDD-41C1-8108-150275A2C47A}.Release|x86.Build.0 = Release|Any CPU
	EndGlobalSection
EndGlobal
